
Microsoft Visual Studio Solution File, Format Version 12.00
# Visual Studio Version 17
VisualStudioVersion = 17.14.36327.8 d17.14
MinimumVisualStudioVersion = 10.0.40219.1
Project("{FAE04EC0-301F-11D3-BF4B-00C04F79EFBC}") = "Server", "Server\Server.csproj", "{0E4D9B16-1E38-4A1F-A44C-1F63846487A4}"
EndProject
Global
	GlobalSection(SolutionConfigurationPlatforms) = preSolution
		Debug|Any CPU = Debug|Any CPU
		Release|Any CPU = Release|Any CPU
	EndGlobalSection
	GlobalSection(ProjectConfigurationPlatforms) = postSolution
		{0E4D9B16-1E38-4A1F-A44C-1F63846487A4}.Debug|Any CPU.ActiveCfg = Debug|Any CPU
		{0E4D9B16-1E38-4A1F-A44C-1F63846487A4}.Debug|Any CPU.Build.0 = Debug|Any CPU
		{0E4D9B16-1E38-4A1F-A44C-1F63846487A4}.Release|Any CPU.ActiveCfg = Release|Any CPU
		{0E4D9B16-1E38-4A1F-A44C-1F63846487A4}.Release|Any CPU.Build.0 = Release|Any CPU
	EndGlobalSection
	GlobalSection(SolutionProperties) = preSolution
		HideSolutionNode = FALSE
	EndGlobalSection
	GlobalSection(ExtensibilityGlobals) = postSolution
		SolutionGuid = {16D754E7-173D-496A-A90F-0F8C7DC5E4CA}
	EndGlobalSection
EndGlobal
